
Microsoft Visual Studio Solution File, Format Version 12.00
# Visual Studio 2012
Project("{FAE04EC0-301F-11D3-BF4B-00C04F79EFBC}") = "Nea", "Nea\Nea.csproj", "{349B5906-49EA-46DC-A507-E8BA329ACF11}"
EndProject
Project("{FAE04EC0-301F-11D3-BF4B-00C04F79EFBC}") = "Nea.Test", "Nea.Test\Nea.Test.csproj", "{9EDB146A-7783-4505-9E4E-20F46B3FE15D}"
EndProject
Global
	GlobalSection(SolutionConfigurationPlatforms) = preSolution
		Debug|Any CPU = Debug|Any CPU
		Release|Any CPU = Release|Any CPU
	EndGlobalSection
	GlobalSection(ProjectConfigurationPlatforms) = postSolution
		{349B5906-49EA-46DC-A507-E8BA329ACF11}.Debug|Any CPU.ActiveCfg = Debug|Any CPU
		{349B5906-49EA-46DC-A507-E8BA329ACF11}.Debug|Any CPU.Build.0 = Debug|Any CPU
		{349B5906-49EA-46DC-A507-E8BA329ACF11}.Release|Any CPU.ActiveCfg = Release|Any CPU
		{349B5906-49EA-46DC-A507-E8BA329ACF11}.Release|Any CPU.Build.0 = Release|Any CPU
		{9EDB146A-7783-4505-9E4E-20F46B3FE15D}.Debug|Any CPU.ActiveCfg = Debug|Any CPU
		{9EDB146A-7783-4505-9E4E-20F46B3FE15D}.Debug|Any CPU.Build.0 = Debug|Any CPU
		{9EDB146A-7783-4505-9E4E-20F46B3FE15D}.Release|Any CPU.ActiveCfg = Release|Any CPU
		{9EDB146A-7783-4505-9E4E-20F46B3FE15D}.Release|Any CPU.Build.0 = Release|Any CPU
	EndGlobalSection
	GlobalSection(SolutionProperties) = preSolution
		HideSolutionNode = FALSE
	EndGlobalSection
EndGlobal
